
Microsoft Visual Studio Solution File, Format Version 12.00
# Visual Studio Version 17
VisualStudioVersion = 17.13.36105.23 d17.13
MinimumVisualStudioVersion = 10.0.40219.1
Project("{FAE04EC0-301F-11D3-BF4B-00C04F79EFBC}") = "CryptoGraph", "CryptoGraph.csproj", "{9ECE279E-3412-2C73-7E3C-327C1BFF7043}"
EndProject
Global
	GlobalSection(SolutionConfigurationPlatforms) = preSolution
		Debug|Any CPU = Debug|Any CPU
		Release|Any CPU = Release|Any CPU
	EndGlobalSection
	GlobalSection(ProjectConfigurationPlatforms) = postSolution
		{9ECE279E-3412-2C73-7E3C-327C1BFF7043}.Debug|Any CPU.ActiveCfg = Debug|Any CPU
		{9ECE279E-3412-2C73-7E3C-327C1BFF7043}.Debug|Any CPU.Build.0 = Debug|Any CPU
		{9ECE279E-3412-2C73-7E3C-327C1BFF7043}.Release|Any CPU.ActiveCfg = Release|Any CPU
		{9ECE279E-3412-2C73-7E3C-327C1BFF7043}.Release|Any CPU.Build.0 = Release|Any CPU
	EndGlobalSection
	GlobalSection(SolutionProperties) = preSolution
		HideSolutionNode = FALSE
	EndGlobalSection
	GlobalSection(ExtensibilityGlobals) = postSolution
		SolutionGuid = {1DF4C6B8-A4FE-435E-A955-91E273B8B936}
	EndGlobalSection
EndGlobal
